<?xml version="1.0" encoding="utf-8"?>
<Project ToolsVersion="4.0" xmlns="http://schemas.microsoft.com/developer/msbuild/2003">
  <ItemGroup>
    <ClCompile Include="GeneratedFiles\Debug\moc_TrackingThread.cpp" />
    <ClCompile Include="GeneratedFiles\Debug\moc_VideoView.cpp" />
    <ClCompile Include="GeneratedFiles\Release\moc_TrackingThread.cpp" />
    <ClCompile Include="GeneratedFiles\Release\moc_VideoView.cpp" />
    <ClCompile Include="GeneratedFiles\Debug\moc_BioTracker.cpp">
      <Filter>Generated Files\Debug</Filter>
    </ClCompile>
    <ClCompile Include="GeneratedFiles\Release\moc_BioTracker.cpp">
      <Filter>Generated Files\Release</Filter>
    </ClCompile>
    <ClCompile Include="GeneratedFiles\qrc_BioTracker.cpp">
      <Filter>Generated Files</Filter>
    </ClCompile>
    <ClCompile Include="source\settings\Param.cpp" />
    <ClCompile Include="source\settings\Settings.cpp" />
    <ClCompile Include="source\helper\StringHelper.cpp" />
    <ClCompile Include="source\tracking\algorithm\simpletracker\FishCandidate.cpp">
      <Filter>Source Files</Filter>
    </ClCompile>
    <ClCompile Include="source\tracking\algorithm\simpletracker\SimpleTracker.cpp">
      <Filter>Source Files</Filter>
    </ClCompile>
    <ClCompile Include="source\tracking\algorithm\simpletracker\TrackedFish.cpp">
      <Filter>Source Files</Filter>
    </ClCompile>
    <ClCompile Include="source\tracking\TrackingAlgorithm.cpp">
      <Filter>Source Files</Filter>
    </ClCompile>
    <ClCompile Include="source\tracking\TrackingThread.cpp" />
    <ClCompile Include="source\video\VideoView.cpp" />
    <ClCompile Include="source\gui\BioTracker.cpp">
      <Filter>Source Files</Filter>
    </ClCompile>
    <ClCompile Include="source\main.cpp" />
    <ClCompile Include="source\tracking\algorithm\fishparticle\ParticleFishTracker.cpp">
      <Filter>Source Files</Filter>
    </ClCompile>
    <ClCompile Include="source\tracking\algorithm\fishparticle\particlefilter\Particle.cpp">
      <Filter>Source Files</Filter>
    </ClCompile>
    <ClCompile Include="source\tracking\algorithm\fishparticle\preprocessing\FramePreprocessor.cpp">
      <Filter>Source Files</Filter>
    </ClCompile>
    <ClCompile Include="source\tracking\algorithm\BeesBookTagMatcher\BeesBookTagMatcher.cpp">
      <Filter>Source Files</Filter>
    </ClCompile>
    <ClCompile Include="GeneratedFiles\Debug\moc_TrackingAlgorithm.cpp">
      <Filter>Source Files</Filter>
    </ClCompile>
    <ClCompile Include="GeneratedFiles\Release\moc_TrackingAlgorithm.cpp">
      <Filter>Source Files</Filter>
    </ClCompile>
    <ClCompile Include="source\tracking\algorithm\colorPatchTracker\colorPatchTracker.cpp">
      <Filter>Source Files</Filter>
    </ClCompile>
    <ClCompile Include="source\tracking\algorithm\fishparticle\preprocessing\FishBackgroundSubtractor.cpp">
      <Filter>Source Files</Filter>
    </ClCompile>
    <ClCompile Include="source\tracking\algorithm\fishparticle\particlefilter\ParticleBrightnessObserver.cpp">
      <Filter>Source Files</Filter>
    </ClCompile>
    <ClCompile Include="source\tracking\algorithm\SampleTracker\SampleTracker.cpp">
      <Filter>Source Files</Filter>
    </ClCompile>
    <ClCompile Include="source\tracking\algorithm\BeesBookTagMatcher\resources\myGrid.cpp">
      <Filter>Source Files</Filter>
    </ClCompile>
    <ClCompile Include="source\tracking\algorithm\fishparticle\particlefilter\ParticleClusters.cpp">
      <Filter>Source Files</Filter>
    </ClCompile>
    <ClCompile Include="source\tracking\algorithm\BeesBookTagMatcher\resources\MyNewGrid.cpp">
      <Filter>Source Files</Filter>
    </ClCompile>
    <ClCompile Include="source\tracking\trackedObject\TrackedObject.cpp">
      <Filter>Source Files</Filter>
    </ClCompile>
    <ClCompile Include="GeneratedFiles\Release\moc_SampleTracker.cpp">
      <Filter>Source Files</Filter>
    </ClCompile>
  </ItemGroup>
  <ItemGroup>
    <ClInclude Include="GeneratedFiles\ui_BioTracker.h">
      <Filter>Header Files</Filter>
    </ClInclude>
    <ClInclude Include="source\settings\Messages.h" />
    <ClInclude Include="source\settings\Param.h" />
    <ClInclude Include="source\settings\ParamNames.h" />
    <ClInclude Include="source\settings\Settings.h" />
    <ClInclude Include="source\helper\StringHelper.h" />
    <ClInclude Include="source\tracking\algorithm\simpletracker\FishCandidate.h">
      <Filter>Header Files</Filter>
    </ClInclude>
    <ClInclude Include="source\tracking\algorithm\simpletracker\SimpleTracker.h">
      <Filter>Header Files</Filter>
    </ClInclude>
    <ClInclude Include="source\tracking\algorithm\simpletracker\TrackedFish.h">
      <Filter>Header Files</Filter>
    </ClInclude>
    <ClInclude Include="source\video\ImagePreProcessor.h" />
    <ClInclude Include="source\video\Rectification.h" />
    <ClInclude Include="source\tracking\algorithm\fishparticle\ParticleFishTracker.h">
      <Filter>Header Files</Filter>
    </ClInclude>
    <ClInclude Include="source\tracking\algorithm\fishparticle\particlefilter\Particle.h">
      <Filter>Header Files</Filter>
    </ClInclude>
    <ClInclude Include="source\tracking\algorithm\fishparticle\preprocessing\FramePreprocessor.h">
      <Filter>Header Files</Filter>
    </ClInclude>
    <ClInclude Include="source\tracking\algorithm\BeesBookTagMatcher\BeesBookTagMatcher.h">
      <Filter>Header Files</Filter>
    </ClInclude>
    <ClInclude Include="source\tracking\algorithm\colorPatchTracker\colorPatchTracker.h">
      <Filter>Header Files</Filter>
    </ClInclude>
    <ClInclude Include="source\tracking\algorithm\fishparticle\preprocessing\FishBackgroundSubtractor.h">
      <Filter>Header Files</Filter>
    </ClInclude>
    <ClInclude Include="source\tracking\algorithm\fishparticle\particlefilter\ParticleBrightnessObserver.h">
      <Filter>Header Files</Filter>
    </ClInclude>
    <ClInclude Include="source\tracking\algorithm\BeesBookTagMatcher\resources\myGrid.h">
      <Filter>Header Files</Filter>
    </ClInclude>
    <ClInclude Include="source\tracking\algorithm\fishparticle\particlefilter\ParticleClusters.h">
      <Filter>Header Files</Filter>
    </ClInclude>
    <ClInclude Include="source\tracking\algorithm\BeesBookTagMatcher\resources\MyNewGrid.h">
      <Filter>Header Files</Filter>
    </ClInclude>
    <ClInclude Include="source\tracking\trackedObject\ObjectModel.h">
      <Filter>Header Files</Filter>
    </ClInclude>
    <ClInclude Include="source\tracking\trackedObject\TrackedObject.h">
      <Filter>Header Files</Filter>
    </ClInclude>
  </ItemGroup>
  <ItemGroup>
    <CustomBuild Include="source\tracking\TrackingThread.h" />
    <CustomBuild Include="source\video\VideoView.h" />
    <CustomBuild Include="source\gui\BioTracker.h">
      <Filter>Header Files</Filter>
    </CustomBuild>
    <CustomBuild Include="source\gui\BioTracker.ui">
      <Filter>Form Files</Filter>
    </CustomBuild>
    <CustomBuild Include="source\gui\BioTracker.qrc">
      <Filter>Resource Files</Filter>
    </CustomBuild>
    <CustomBuild Include="source\tracking\TrackingAlgorithm.h">
      <Filter>Header Files</Filter>
    </CustomBuild>
    <CustomBuild Include="source\tracking\algorithm\SampleTracker\SampleTracker.h">
      <Filter>Header Files</Filter>
    </CustomBuild>
  </ItemGroup>
  <ItemGroup>
    <Filter Include="Source Files">
      <UniqueIdentifier>{4FC737F1-C7A5-4376-A066-2A32D752A2FF}</UniqueIdentifier>
      <Extensions>cpp;cxx;c;def</Extensions>
      <ParseFiles>true</ParseFiles>
    </Filter>
    <Filter Include="Header Files">
      <UniqueIdentifier>{93995380-89BD-4b04-88EB-625FBE52EBFB}</UniqueIdentifier>
      <Extensions>h</Extensions>
      <ParseFiles>true</ParseFiles>
    </Filter>
    <Filter Include="Generated Files">
      <UniqueIdentifier>{71ED8ED8-ACB9-4CE9-BBE1-E00B30144E11}</UniqueIdentifier>
      <Extensions>moc;h;cpp</Extensions>
      <ParseFiles>true</ParseFiles>
    </Filter>
    <Filter Include="Generated Files\Debug">
      <UniqueIdentifier>{4e1de55b-4958-4f71-a225-e84cef6c2914}</UniqueIdentifier>
      <Extensions>cpp;moc</Extensions>
      <SourceControlFiles>False</SourceControlFiles>
    </Filter>
    <Filter Include="Generated Files\Release">
      <UniqueIdentifier>{17b77ef6-90e6-4d6a-a4a3-d0a3b081f84a}</UniqueIdentifier>
      <Extensions>cpp;moc</Extensions>
      <SourceControlFiles>False</SourceControlFiles>
    </Filter>
    <Filter Include="Form Files">
      <UniqueIdentifier>{99349809-55BA-4b9d-BF79-8FDBB0286EB3}</UniqueIdentifier>
      <Extensions>ui</Extensions>
      <ParseFiles>true</ParseFiles>
    </Filter>
    <Filter Include="Resource Files">
      <UniqueIdentifier>{D9D6E242-F8AF-46E4-B9FD-80ECBC20BA3E}</UniqueIdentifier>
      <Extensions>qrc;*</Extensions>
      <ParseFiles>false</ParseFiles>
    </Filter>
  </ItemGroup>
  <ItemGroup>
    <None Include="config.ini" />
  </ItemGroup>
  <ItemGroup>
    <Image Include="source\gui\resources\arrow-back.png" />
    <Image Include="source\gui\resources\arrow-forward1.png" />
    <Image Include="source\gui\resources\arrows-skip-back.png" />
    <Image Include="source\gui\resources\arrows-skip-forward.png" />
    <Image Include="source\gui\resources\pause-sign.png" />
    <Image Include="source\gui\resources\screenshot.png" />
    <Image Include="source\gui\resources\stop.png" />
    <Image Include="..\..\pix\panZoom.png" />
    <Image Include="source\gui\resources\panZoom.png" />
  </ItemGroup>
</Project>